{
  "name": "node-red-contrib-influxdb-line-protocol",
  "version": "0.2.0",
  "lockfileVersion": 2,
  "requires": true,
  "packages": {
    "": {
      "version": "0.2.0",
      "license": "MIT",
      "dependencies": {
        "node-red-contrib-influxdb-line-protocol": "file:"
      },
      "devDependencies": {
        "jest": "^24.0.0",
        "node-red": "^2.2.2",
        "node-red-node-test-helper": "^0.2.7"
      }
    }
  }
}
